
Microsoft Visual Studio Solution File, Format Version 12.00
# Visual Studio 14
VisualStudioVersion = 14.0.22310.1
MinimumVisualStudioVersion = 10.0.40219.1
Project("{2150E333-8FDC-42A3-9474-1A3956D46DE8}") = "src", "src", "{A3F80216-57D5-4366-928E-03A2E282F04A}"
EndProject
Project("{8BB2217D-0F2D-49D1-97BC-3654ED321F3B}") = "AspNet5MvcRunningOnUbuntu", "src\AspNet5MvcRunningOnUbuntu\AspNet5MvcRunningOnUbuntu.kproj", "{16C09719-7F7E-407B-8E8C-C9735E29EE30}"
EndProject
Project("{2150E333-8FDC-42A3-9474-1A3956D46DE8}") = "Solution Items", "Solution Items", "{7C7EA6D7-6652-4F65-A3D4-B8A04C6040EE}"
	ProjectSection(SolutionItems) = preProject
		global.json = global.json
	EndProjectSection
EndProject
Global
	GlobalSection(SolutionConfigurationPlatforms) = preSolution
		Debug|Any CPU = Debug|Any CPU
		Release|Any CPU = Release|Any CPU
	EndGlobalSection
	GlobalSection(ProjectConfigurationPlatforms) = postSolution
		{16C09719-7F7E-407B-8E8C-C9735E29EE30}.Debug|Any CPU.ActiveCfg = Debug|Any CPU
		{16C09719-7F7E-407B-8E8C-C9735E29EE30}.Debug|Any CPU.Build.0 = Debug|Any CPU
		{16C09719-7F7E-407B-8E8C-C9735E29EE30}.Release|Any CPU.ActiveCfg = Release|Any CPU
		{16C09719-7F7E-407B-8E8C-C9735E29EE30}.Release|Any CPU.Build.0 = Release|Any CPU
	EndGlobalSection
	GlobalSection(SolutionProperties) = preSolution
		HideSolutionNode = FALSE
	EndGlobalSection
	GlobalSection(NestedProjects) = preSolution
		{16C09719-7F7E-407B-8E8C-C9735E29EE30} = {A3F80216-57D5-4366-928E-03A2E282F04A}
	EndGlobalSection
EndGlobal
